<?xml version="1.0" encoding="utf-8"?>
<Project ToolsVersion="4.0" xmlns="http://schemas.microsoft.com/developer/msbuild/2003">
  <ItemGroup>
    <Filter Include="win32">
      <UniqueIdentifier>{84a8ebd7-7cf0-47f6-b75e-d441df67da40}</UniqueIdentifier>
    </Filter>
    <Filter Include="resource">
      <UniqueIdentifier>{715254bc-d70b-4ec5-bf29-467dd3ace079}</UniqueIdentifier>
    </Filter>
    <Filter Include="src">
      <UniqueIdentifier>{bb6c862e-70e9-49d9-81b7-3829a6f50471}</UniqueIdentifier>
    </Filter>
    <Filter Include="src\Scene">
      <UniqueIdentifier>{34b2195f-2b8a-4cc0-ac3b-9666d8bc01b1}</UniqueIdentifier>
    </Filter>
    <Filter Include="src\Sprite">
      <UniqueIdentifier>{f9a87e87-c01e-4517-bc06-19f7b3bb629e}</UniqueIdentifier>
    </Filter>
    <Filter Include="src\Chapter">
      <UniqueIdentifier>{ce47ac07-0b69-4932-8fce-338703b22428}</UniqueIdentifier>
    </Filter>
  </ItemGroup>
  <ItemGroup>
    <ClCompile Include="main.cpp">
      <Filter>win32</Filter>
    </ClCompile>
    <ClCompile Include="..\Classes\AppDelegate.cpp">
      <Filter>src</Filter>
    </ClCompile>
    <ClCompile Include="..\Classes\GameScene.cpp">
      <Filter>src\Scene</Filter>
    </ClCompile>
    <ClCompile Include="..\Classes\HelloScene.cpp">
      <Filter>src\Scene</Filter>
    </ClCompile>
    <ClCompile Include="..\Classes\HelpScene.cpp">
      <Filter>src\Scene</Filter>
    </ClCompile>
    <ClCompile Include="..\Classes\PauseScene.cpp">
      <Filter>src\Scene</Filter>
    </ClCompile>
    <ClCompile Include="..\Classes\ReviveScene.cpp">
      <Filter>src\Scene</Filter>
    </ClCompile>
    <ClCompile Include="..\Classes\TempScene.cpp">
      <Filter>src\Scene</Filter>
    </ClCompile>
    <ClCompile Include="..\Classes\DropLand.cpp">
      <Filter>src\Sprite</Filter>
    </ClCompile>
    <ClCompile Include="..\Classes\Enemy.cpp">
      <Filter>src\Sprite</Filter>
    </ClCompile>
    <ClCompile Include="..\Classes\Hero.cpp">
      <Filter>src\Sprite</Filter>
    </ClCompile>
    <ClCompile Include="..\Classes\SlidingLand.cpp">
      <Filter>src\Sprite</Filter>
    </ClCompile>
    <ClCompile Include="..\Classes\SwingLand.cpp">
      <Filter>src\Sprite</Filter>
    </ClCompile>
    <ClCompile Include="..\Classes\common.cpp">
      <Filter>src</Filter>
    </ClCompile>
    <ClCompile Include="..\Classes\SlidingTrap.cpp">
      <Filter>src\Sprite</Filter>
    </ClCompile>
    <ClCompile Include="..\Classes\Door.cpp">
      <Filter>src\Sprite</Filter>
    </ClCompile>
    <ClCompile Include="..\Classes\FollowEnemy.cpp">
      <Filter>src\Sprite</Filter>
    </ClCompile>
    <ClCompile Include="..\Classes\Chapter0Level1.cpp">
      <Filter>src\Chapter</Filter>
    </ClCompile>
    <ClCompile Include="..\Classes\Chapter0Level2.cpp">
      <Filter>src\Chapter</Filter>
    </ClCompile>
    <ClCompile Include="..\Classes\OptionScene.cpp">
      <Filter>src\Scene</Filter>
    </ClCompile>
    <ClCompile Include="..\Classes\EntryScene.cpp">
      <Filter>src\Scene</Filter>
    </ClCompile>
  </ItemGroup>
  <ItemGroup>
    <ClInclude Include="main.h">
      <Filter>win32</Filter>
    </ClInclude>
    <ClInclude Include="..\Classes\AppDelegate.h">
      <Filter>src</Filter>
    </ClInclude>
    <ClInclude Include="..\Classes\common.h">
      <Filter>src</Filter>
    </ClInclude>
    <ClInclude Include="..\Classes\GameScene.h">
      <Filter>src\Scene</Filter>
    </ClInclude>
    <ClInclude Include="..\Classes\HelloScene.h">
      <Filter>src\Scene</Filter>
    </ClInclude>
    <ClInclude Include="..\Classes\HelpScene.h">
      <Filter>src\Scene</Filter>
    </ClInclude>
    <ClInclude Include="..\Classes\PauseScene.h">
      <Filter>src\Scene</Filter>
    </ClInclude>
    <ClInclude Include="..\Classes\ReviveScene.h">
      <Filter>src\Scene</Filter>
    </ClInclude>
    <ClInclude Include="..\Classes\TempScene.h">
      <Filter>src\Scene</Filter>
    </ClInclude>
    <ClInclude Include="..\Classes\DropLand.h">
      <Filter>src\Sprite</Filter>
    </ClInclude>
    <ClInclude Include="..\Classes\Enemy.h">
      <Filter>src\Sprite</Filter>
    </ClInclude>
    <ClInclude Include="..\Classes\Hero.h">
      <Filter>src\Sprite</Filter>
    </ClInclude>
    <ClInclude Include="..\Classes\SlidingLand.h">
      <Filter>src\Sprite</Filter>
    </ClInclude>
    <ClInclude Include="..\Classes\SwingLand.h">
      <Filter>src\Sprite</Filter>
    </ClInclude>
    <ClInclude Include="..\Classes\SlidingTrap.h">
      <Filter>src\Sprite</Filter>
    </ClInclude>
    <ClInclude Include="..\Classes\Door.h">
      <Filter>src\Sprite</Filter>
    </ClInclude>
    <ClInclude Include="..\Classes\FollowEnemy.h">
      <Filter>src\Sprite</Filter>
    </ClInclude>
    <ClInclude Include="..\Classes\Chapter0Level1.h">
      <Filter>src\Chapter</Filter>
    </ClInclude>
    <ClInclude Include="..\Classes\Chapter0Level2.h">
      <Filter>src\Chapter</Filter>
    </ClInclude>
    <ClInclude Include="..\Classes\OptionScene.h">
      <Filter>src\Scene</Filter>
    </ClInclude>
    <ClInclude Include="..\Classes\EntryScene.h">
      <Filter>src\Scene</Filter>
    </ClInclude>
  </ItemGroup>
  <ItemGroup>
    <ResourceCompile Include="game.rc">
      <Filter>resource</Filter>
    </ResourceCompile>
  </ItemGroup>
</Project>